{
  "name": "objects",
  "version": "1.0.0",
  "lockfileVersion": 2,
  "requires": true,
  "packages": {
    "": {
      "name": "objects",
      "version": "1.0.0",
      "license": "ISC",
      "dependencies": {
        "@everymundo/simple-clone": "^1.2.0"
      }
    },
    "node_modules/@everymundo/simple-clone": {
      "version": "1.2.0",
      "resolved": "https://registry.npmjs.org/@everymundo/simple-clone/-/simple-clone-1.2.0.tgz",
      "integrity": "sha512-7ilbKXzhYvT0gJoSMcZfj8LwyN/FCgcJYKmX7ucrrIW5I38CnrnZnlcNMj8X5mayZIMNfb6wj8weYtCuWUjSDg=="
    }
  },
  "dependencies": {
    "@everymundo/simple-clone": {
      "version": "1.2.0",
      "resolved": "https://registry.npmjs.org/@everymundo/simple-clone/-/simple-clone-1.2.0.tgz",
      "integrity": "sha512-7ilbKXzhYvT0gJoSMcZfj8LwyN/FCgcJYKmX7ucrrIW5I38CnrnZnlcNMj8X5mayZIMNfb6wj8weYtCuWUjSDg=="
    }
  }
}
